
Microsoft Visual Studio Solution File, Format Version 12.00
Project("{FAE04EC0-301F-11D3-BF4B-00C04F79EFBC}") = "ChatBot\ChatBot.Api", "src\ChatBot\ChatBot.Api\ChatBot.Api.csproj", "{6887DD6C-3DE9-40CB-AFAA-C2FAAAC60107}"
EndProject
Project("{FAE04EC0-301F-11D3-BF4B-00C04F79EFBC}") = "ChatBot\ChatBot.Application", "src\ChatBot\ChatBot.Application\ChatBot.Application.csproj", "{361983C7-BDE6-4F78-B514-7F3C4A52DBFD}"
EndProject
Project("{FAE04EC0-301F-11D3-BF4B-00C04F79EFBC}") = "ChatBot\ChatBot.Domain", "src\ChatBot\ChatBot.Domain\ChatBot.Domain.csproj", "{05D6A8E4-5263-4AB0-9F28-92BDAB480D0E}"
EndProject
Project("{FAE04EC0-301F-11D3-BF4B-00C04F79EFBC}") = "ChatBot\ChatBot.Contracts", "src\ChatBot\ChatBot.Contracts\ChatBot.Contracts.csproj", "{0A972218-A71A-4073-8B1E-7BEAC071980D}"
EndProject
Project("{2150E333-8FDC-42A3-9474-1A3956D46DE8}") = "ChatBot.WebApi", "ChatBot.WebApi", "{23EA62D9-6231-4494-952C-CE9F4B0FCE9D}"
EndProject
Project("{FAE04EC0-301F-11D3-BF4B-00C04F79EFBC}") = "AspireOrchestrator.AppHost", "src\AspireOrchestrator.AppHost\AspireOrchestrator.AppHost.csproj", "{BD448BB6-FE0D-4064-A95B-4B9AC844C232}"
EndProject
Project("{FAE04EC0-301F-11D3-BF4B-00C04F79EFBC}") = "AspireOrchestrator.ServiceDefaults", "src\AspireOrchestrator.ServiceDefaults\AspireOrchestrator.ServiceDefaults.csproj", "{1284ABE6-C315-423B-A976-D084EB0B4DF2}"
EndProject
Project("{2150E333-8FDC-42A3-9474-1A3956D46DE8}") = "ChatBot.Frontend", "ChatBot.Frontend", "{0E4C8780-D445-49B6-894A-DD5AE311257A}"
EndProject
Project("{9092AA53-FB77-4645-B42D-1CCCA6BD08BD}") = "chat-bot-frontend", "src\Clients\chat-bot-frontend\chat-bot-frontend.njsproj", "{1D5F9C22-57BC-4A29-8528-2B5B775C37F6}"
EndProject
Project("{FAE04EC0-301F-11D3-BF4B-00C04F79EFBC}") = "ChatBot\ChatBot.OpenAiFacade", "src\ChatBot\ChatBot.OpenAiFacade\ChatBot.OpenAiFacade.csproj", "{720DE5B0-C454-4F17-ADBE-A01F945FCD04}"
EndProject
Project("{FAE04EC0-301F-11D3-BF4B-00C04F79EFBC}") = "ChatBot.Infrastructure", "src\ChatBot\ChatBot.Infrastructure\ChatBot.Infrastructure.csproj", "{6F3734F2-1DF1-4C0C-8BD7-EF044EAA4061}"
EndProject
Project("{FAE04EC0-301F-11D3-BF4B-00C04F79EFBC}") = "ChatBot.MigrationService", "src\ChatBot.MigrationService\ChatBot.MigrationService.csproj", "{5B1197F9-ED62-49D3-9143-804D1B124B2E}"
EndProject
Project("{2150E333-8FDC-42A3-9474-1A3956D46DE8}") = "ChatBot.Users", "ChatBot.Users", "{A5DF0B06-0345-4103-B4D1-7B27E1223629}"
EndProject
Project("{FAE04EC0-301F-11D3-BF4B-00C04F79EFBC}") = "ChatBot.Users.Api", "src\ChatBot.Users\ChatBot.Users.Api\ChatBot.Users.Api.csproj", "{0971CEC4-748F-48DA-AB2E-19EBF1E6F030}"
EndProject
Project("{FAE04EC0-301F-11D3-BF4B-00C04F79EFBC}") = "ChatBot.Common", "src\ChatBot.Common\ChatBot.Common.csproj", "{E7C7265E-94FC-4580-828E-8E261D8433AA}"
EndProject
Project("{FAE04EC0-301F-11D3-BF4B-00C04F79EFBC}") = "ChatBot.Users.Library", "src\ChatBot.Users\ChatBot.Users.Library\ChatBot.Users.Library.csproj", "{7AF97A14-100B-41A2-AE01-5E8DFDFF16E4}"
EndProject
Project("{FAE04EC0-301F-11D3-BF4B-00C04F79EFBC}") = "ChatBot.Users.Application", "src\ChatBot.Users\ChatBot.Users.Application\ChatBot.Users.Application.csproj", "{D388CD06-DE21-4961-B4C9-B17AA1146BAC}"
EndProject
Project("{FAE04EC0-301F-11D3-BF4B-00C04F79EFBC}") = "ChatBot.Users.Domain", "src\ChatBot.Users\ChatBot.Users.Domain\ChatBot.Users.Domain.csproj", "{9D982F9B-FA47-4E9C-A259-F91F64ACF31D}"
EndProject
Project("{FAE04EC0-301F-11D3-BF4B-00C04F79EFBC}") = "ChatBot.Users.Infrastructure", "src\ChatBot.Users\ChatBot.Users.Infrastructure\ChatBot.Users.Infrastructure.csproj", "{3E83FD0C-FF5E-4DCF-A607-D1415508F060}"
EndProject
Global
	GlobalSection(SolutionConfigurationPlatforms) = preSolution
		Debug|Any CPU = Debug|Any CPU
		Release|Any CPU = Release|Any CPU
	EndGlobalSection
	GlobalSection(ProjectConfigurationPlatforms) = postSolution
		{6887DD6C-3DE9-40CB-AFAA-C2FAAAC60107}.Debug|Any CPU.ActiveCfg = Debug|Any CPU
		{6887DD6C-3DE9-40CB-AFAA-C2FAAAC60107}.Debug|Any CPU.Build.0 = Debug|Any CPU
		{6887DD6C-3DE9-40CB-AFAA-C2FAAAC60107}.Release|Any CPU.ActiveCfg = Release|Any CPU
		{6887DD6C-3DE9-40CB-AFAA-C2FAAAC60107}.Release|Any CPU.Build.0 = Release|Any CPU
		{361983C7-BDE6-4F78-B514-7F3C4A52DBFD}.Debug|Any CPU.ActiveCfg = Debug|Any CPU
		{361983C7-BDE6-4F78-B514-7F3C4A52DBFD}.Debug|Any CPU.Build.0 = Debug|Any CPU
		{361983C7-BDE6-4F78-B514-7F3C4A52DBFD}.Release|Any CPU.ActiveCfg = Release|Any CPU
		{361983C7-BDE6-4F78-B514-7F3C4A52DBFD}.Release|Any CPU.Build.0 = Release|Any CPU
		{05D6A8E4-5263-4AB0-9F28-92BDAB480D0E}.Debug|Any CPU.ActiveCfg = Debug|Any CPU
		{05D6A8E4-5263-4AB0-9F28-92BDAB480D0E}.Debug|Any CPU.Build.0 = Debug|Any CPU
		{05D6A8E4-5263-4AB0-9F28-92BDAB480D0E}.Release|Any CPU.ActiveCfg = Release|Any CPU
		{05D6A8E4-5263-4AB0-9F28-92BDAB480D0E}.Release|Any CPU.Build.0 = Release|Any CPU
		{0A972218-A71A-4073-8B1E-7BEAC071980D}.Debug|Any CPU.ActiveCfg = Debug|Any CPU
		{0A972218-A71A-4073-8B1E-7BEAC071980D}.Debug|Any CPU.Build.0 = Debug|Any CPU
		{0A972218-A71A-4073-8B1E-7BEAC071980D}.Release|Any CPU.ActiveCfg = Release|Any CPU
		{0A972218-A71A-4073-8B1E-7BEAC071980D}.Release|Any CPU.Build.0 = Release|Any CPU
		{BD448BB6-FE0D-4064-A95B-4B9AC844C232}.Debug|Any CPU.ActiveCfg = Debug|Any CPU
		{BD448BB6-FE0D-4064-A95B-4B9AC844C232}.Debug|Any CPU.Build.0 = Debug|Any CPU
		{BD448BB6-FE0D-4064-A95B-4B9AC844C232}.Release|Any CPU.ActiveCfg = Release|Any CPU
		{BD448BB6-FE0D-4064-A95B-4B9AC844C232}.Release|Any CPU.Build.0 = Release|Any CPU
		{1284ABE6-C315-423B-A976-D084EB0B4DF2}.Debug|Any CPU.ActiveCfg = Debug|Any CPU
		{1284ABE6-C315-423B-A976-D084EB0B4DF2}.Debug|Any CPU.Build.0 = Debug|Any CPU
		{1284ABE6-C315-423B-A976-D084EB0B4DF2}.Release|Any CPU.ActiveCfg = Release|Any CPU
		{1284ABE6-C315-423B-A976-D084EB0B4DF2}.Release|Any CPU.Build.0 = Release|Any CPU
		{720DE5B0-C454-4F17-ADBE-A01F945FCD04}.Debug|Any CPU.ActiveCfg = Debug|Any CPU
		{720DE5B0-C454-4F17-ADBE-A01F945FCD04}.Debug|Any CPU.Build.0 = Debug|Any CPU
		{720DE5B0-C454-4F17-ADBE-A01F945FCD04}.Release|Any CPU.ActiveCfg = Release|Any CPU
		{720DE5B0-C454-4F17-ADBE-A01F945FCD04}.Release|Any CPU.Build.0 = Release|Any CPU
		{6F3734F2-1DF1-4C0C-8BD7-EF044EAA4061}.Debug|Any CPU.ActiveCfg = Debug|Any CPU
		{6F3734F2-1DF1-4C0C-8BD7-EF044EAA4061}.Debug|Any CPU.Build.0 = Debug|Any CPU
		{6F3734F2-1DF1-4C0C-8BD7-EF044EAA4061}.Release|Any CPU.ActiveCfg = Release|Any CPU
		{6F3734F2-1DF1-4C0C-8BD7-EF044EAA4061}.Release|Any CPU.Build.0 = Release|Any CPU
		{5B1197F9-ED62-49D3-9143-804D1B124B2E}.Debug|Any CPU.ActiveCfg = Debug|Any CPU
		{5B1197F9-ED62-49D3-9143-804D1B124B2E}.Debug|Any CPU.Build.0 = Debug|Any CPU
		{5B1197F9-ED62-49D3-9143-804D1B124B2E}.Release|Any CPU.ActiveCfg = Release|Any CPU
		{5B1197F9-ED62-49D3-9143-804D1B124B2E}.Release|Any CPU.Build.0 = Release|Any CPU
		{0971CEC4-748F-48DA-AB2E-19EBF1E6F030}.Debug|Any CPU.ActiveCfg = Debug|Any CPU
		{0971CEC4-748F-48DA-AB2E-19EBF1E6F030}.Debug|Any CPU.Build.0 = Debug|Any CPU
		{0971CEC4-748F-48DA-AB2E-19EBF1E6F030}.Release|Any CPU.ActiveCfg = Release|Any CPU
		{0971CEC4-748F-48DA-AB2E-19EBF1E6F030}.Release|Any CPU.Build.0 = Release|Any CPU
		{E7C7265E-94FC-4580-828E-8E261D8433AA}.Debug|Any CPU.ActiveCfg = Debug|Any CPU
		{E7C7265E-94FC-4580-828E-8E261D8433AA}.Debug|Any CPU.Build.0 = Debug|Any CPU
		{E7C7265E-94FC-4580-828E-8E261D8433AA}.Release|Any CPU.ActiveCfg = Release|Any CPU
		{E7C7265E-94FC-4580-828E-8E261D8433AA}.Release|Any CPU.Build.0 = Release|Any CPU
		{7AF97A14-100B-41A2-AE01-5E8DFDFF16E4}.Debug|Any CPU.ActiveCfg = Debug|Any CPU
		{7AF97A14-100B-41A2-AE01-5E8DFDFF16E4}.Debug|Any CPU.Build.0 = Debug|Any CPU
		{7AF97A14-100B-41A2-AE01-5E8DFDFF16E4}.Release|Any CPU.ActiveCfg = Release|Any CPU
		{7AF97A14-100B-41A2-AE01-5E8DFDFF16E4}.Release|Any CPU.Build.0 = Release|Any CPU
		{D388CD06-DE21-4961-B4C9-B17AA1146BAC}.Debug|Any CPU.ActiveCfg = Debug|Any CPU
		{D388CD06-DE21-4961-B4C9-B17AA1146BAC}.Debug|Any CPU.Build.0 = Debug|Any CPU
		{D388CD06-DE21-4961-B4C9-B17AA1146BAC}.Release|Any CPU.ActiveCfg = Release|Any CPU
		{D388CD06-DE21-4961-B4C9-B17AA1146BAC}.Release|Any CPU.Build.0 = Release|Any CPU
		{9D982F9B-FA47-4E9C-A259-F91F64ACF31D}.Debug|Any CPU.ActiveCfg = Debug|Any CPU
		{9D982F9B-FA47-4E9C-A259-F91F64ACF31D}.Debug|Any CPU.Build.0 = Debug|Any CPU
		{9D982F9B-FA47-4E9C-A259-F91F64ACF31D}.Release|Any CPU.ActiveCfg = Release|Any CPU
		{9D982F9B-FA47-4E9C-A259-F91F64ACF31D}.Release|Any CPU.Build.0 = Release|Any CPU
		{3E83FD0C-FF5E-4DCF-A607-D1415508F060}.Debug|Any CPU.ActiveCfg = Debug|Any CPU
		{3E83FD0C-FF5E-4DCF-A607-D1415508F060}.Debug|Any CPU.Build.0 = Debug|Any CPU
		{3E83FD0C-FF5E-4DCF-A607-D1415508F060}.Release|Any CPU.ActiveCfg = Release|Any CPU
		{3E83FD0C-FF5E-4DCF-A607-D1415508F060}.Release|Any CPU.Build.0 = Release|Any CPU
	EndGlobalSection
	GlobalSection(NestedProjects) = preSolution
		{361983C7-BDE6-4F78-B514-7F3C4A52DBFD} = {23EA62D9-6231-4494-952C-CE9F4B0FCE9D}
		{05D6A8E4-5263-4AB0-9F28-92BDAB480D0E} = {23EA62D9-6231-4494-952C-CE9F4B0FCE9D}
		{6887DD6C-3DE9-40CB-AFAA-C2FAAAC60107} = {23EA62D9-6231-4494-952C-CE9F4B0FCE9D}
		{0A972218-A71A-4073-8B1E-7BEAC071980D} = {23EA62D9-6231-4494-952C-CE9F4B0FCE9D}
		{1D5F9C22-57BC-4A29-8528-2B5B775C37F6} = {0E4C8780-D445-49B6-894A-DD5AE311257A}
		{720DE5B0-C454-4F17-ADBE-A01F945FCD04} = {23EA62D9-6231-4494-952C-CE9F4B0FCE9D}
		{6F3734F2-1DF1-4C0C-8BD7-EF044EAA4061} = {23EA62D9-6231-4494-952C-CE9F4B0FCE9D}
		{0971CEC4-748F-48DA-AB2E-19EBF1E6F030} = {A5DF0B06-0345-4103-B4D1-7B27E1223629}
		{7AF97A14-100B-41A2-AE01-5E8DFDFF16E4} = {A5DF0B06-0345-4103-B4D1-7B27E1223629}
		{D388CD06-DE21-4961-B4C9-B17AA1146BAC} = {A5DF0B06-0345-4103-B4D1-7B27E1223629}
		{9D982F9B-FA47-4E9C-A259-F91F64ACF31D} = {A5DF0B06-0345-4103-B4D1-7B27E1223629}
		{3E83FD0C-FF5E-4DCF-A607-D1415508F060} = {A5DF0B06-0345-4103-B4D1-7B27E1223629}
	EndGlobalSection
EndGlobal
